
Microsoft Visual Studio Solution File, Format Version 12.00
# Visual Studio Version 16
VisualStudioVersion = 16.0.29609.76
MinimumVisualStudioVersion = 10.0.40219.1
Project("{2150E333-8FDC-42A3-9474-1A3956D46DE8}") = "tests", "tests", "{6E1263C9-A25E-4486-BB86-B8E29BC4835D}"
EndProject
Project("{2150E333-8FDC-42A3-9474-1A3956D46DE8}") = "src", "src", "{337DA0CB-2E8B-4E18-ABBD-70F5741773E6}"
EndProject
Project("{2150E333-8FDC-42A3-9474-1A3956D46DE8}") = "demo", "demo", "{D874FDE2-59B2-46B8-BD57-3944E4AF3410}"
EndProject
Project("{2150E333-8FDC-42A3-9474-1A3956D46DE8}") = "tools", "tools", "{A6444C14-379A-434D-BDA1-0CE9BF05F376}"
EndProject
Project("{9A19103F-16F7-4668-BE54-9A1E7A4F7556}") = "Demo.Globe3DLight.JsonLoader", "demo\Demo.Globe3D.JsonLoader\Demo.Globe3DLight.JsonLoader.csproj", "{50BAB6F2-FBDA-4790-8C3F-4AB80BDFB04E}"
EndProject
Project("{9A19103F-16F7-4668-BE54-9A1E7A4F7556}") = "Globe3DLight.UnitTests", "tests\Globe3D.UnitTests\Globe3DLight.UnitTests.csproj", "{4111EF25-B68A-41AF-994F-88AC84F185F2}"
EndProject
Project("{9A19103F-16F7-4668-BE54-9A1E7A4F7556}") = "Globe3DLight.Modules", "src\Globe3DLight.Modules\Globe3DLight.Modules.csproj", "{8828755B-2BF5-4428-A1E7-CCD412F8969A}"
EndProject
Project("{9A19103F-16F7-4668-BE54-9A1E7A4F7556}") = "Globe3DLight", "src\Globe3DLight\Globe3DLight.csproj", "{FE4FE4E5-B22E-40F5-A254-F2E918F462B4}"
EndProject
Project("{9A19103F-16F7-4668-BE54-9A1E7A4F7556}") = "Globe3DLight.Desktop", "src\Globe3DLight.Desktop\Globe3DLight.Desktop.csproj", "{13CF8AA9-2E63-4D40-93A2-F8E9F7F025DD}"
EndProject
Project("{9A19103F-16F7-4668-BE54-9A1E7A4F7556}") = "Globe3DLight.AvaloniaUI", "src\Globe3DLight.AvaloniaUI\Globe3DLight.AvaloniaUI.csproj", "{FA4F249D-3233-4CB6-8ECD-CB07DA46032E}"
EndProject
Project("{9A19103F-16F7-4668-BE54-9A1E7A4F7556}") = "GlmSharp", "..\GlmSharp\GlmSharp.csproj", "{CC089C6C-0FCE-41C6-85B8-7CCA9A248F35}"
EndProject
Project("{9A19103F-16F7-4668-BE54-9A1E7A4F7556}") = "Spatial", "..\Spatial\Spatial.csproj", "{3BBDE014-8AE2-488A-97D6-3726C5CACEDD}"
EndProject
Global
	GlobalSection(SolutionConfigurationPlatforms) = preSolution
		Debug|Any CPU = Debug|Any CPU
		Release|Any CPU = Release|Any CPU
	EndGlobalSection
	GlobalSection(ProjectConfigurationPlatforms) = postSolution
		{50BAB6F2-FBDA-4790-8C3F-4AB80BDFB04E}.Debug|Any CPU.ActiveCfg = Debug|Any CPU
		{50BAB6F2-FBDA-4790-8C3F-4AB80BDFB04E}.Debug|Any CPU.Build.0 = Debug|Any CPU
		{50BAB6F2-FBDA-4790-8C3F-4AB80BDFB04E}.Release|Any CPU.ActiveCfg = Release|Any CPU
		{50BAB6F2-FBDA-4790-8C3F-4AB80BDFB04E}.Release|Any CPU.Build.0 = Release|Any CPU
		{4111EF25-B68A-41AF-994F-88AC84F185F2}.Debug|Any CPU.ActiveCfg = Debug|Any CPU
		{4111EF25-B68A-41AF-994F-88AC84F185F2}.Debug|Any CPU.Build.0 = Debug|Any CPU
		{4111EF25-B68A-41AF-994F-88AC84F185F2}.Release|Any CPU.ActiveCfg = Release|Any CPU
		{4111EF25-B68A-41AF-994F-88AC84F185F2}.Release|Any CPU.Build.0 = Release|Any CPU
		{8828755B-2BF5-4428-A1E7-CCD412F8969A}.Debug|Any CPU.ActiveCfg = Debug|Any CPU
		{8828755B-2BF5-4428-A1E7-CCD412F8969A}.Debug|Any CPU.Build.0 = Debug|Any CPU
		{8828755B-2BF5-4428-A1E7-CCD412F8969A}.Release|Any CPU.ActiveCfg = Release|Any CPU
		{8828755B-2BF5-4428-A1E7-CCD412F8969A}.Release|Any CPU.Build.0 = Release|Any CPU
		{FE4FE4E5-B22E-40F5-A254-F2E918F462B4}.Debug|Any CPU.ActiveCfg = Debug|Any CPU
		{FE4FE4E5-B22E-40F5-A254-F2E918F462B4}.Debug|Any CPU.Build.0 = Debug|Any CPU
		{FE4FE4E5-B22E-40F5-A254-F2E918F462B4}.Release|Any CPU.ActiveCfg = Release|Any CPU
		{FE4FE4E5-B22E-40F5-A254-F2E918F462B4}.Release|Any CPU.Build.0 = Release|Any CPU
		{13CF8AA9-2E63-4D40-93A2-F8E9F7F025DD}.Debug|Any CPU.ActiveCfg = Debug|Any CPU
		{13CF8AA9-2E63-4D40-93A2-F8E9F7F025DD}.Debug|Any CPU.Build.0 = Debug|Any CPU
		{13CF8AA9-2E63-4D40-93A2-F8E9F7F025DD}.Release|Any CPU.ActiveCfg = Release|Any CPU
		{13CF8AA9-2E63-4D40-93A2-F8E9F7F025DD}.Release|Any CPU.Build.0 = Release|Any CPU
		{FA4F249D-3233-4CB6-8ECD-CB07DA46032E}.Debug|Any CPU.ActiveCfg = Debug|Any CPU
		{FA4F249D-3233-4CB6-8ECD-CB07DA46032E}.Debug|Any CPU.Build.0 = Debug|Any CPU
		{FA4F249D-3233-4CB6-8ECD-CB07DA46032E}.Release|Any CPU.ActiveCfg = Release|Any CPU
		{FA4F249D-3233-4CB6-8ECD-CB07DA46032E}.Release|Any CPU.Build.0 = Release|Any CPU
		{CC089C6C-0FCE-41C6-85B8-7CCA9A248F35}.Debug|Any CPU.ActiveCfg = Debug|Any CPU
		{CC089C6C-0FCE-41C6-85B8-7CCA9A248F35}.Debug|Any CPU.Build.0 = Debug|Any CPU
		{CC089C6C-0FCE-41C6-85B8-7CCA9A248F35}.Release|Any CPU.ActiveCfg = Release|Any CPU
		{CC089C6C-0FCE-41C6-85B8-7CCA9A248F35}.Release|Any CPU.Build.0 = Release|Any CPU
		{3BBDE014-8AE2-488A-97D6-3726C5CACEDD}.Debug|Any CPU.ActiveCfg = Debug|Any CPU
		{3BBDE014-8AE2-488A-97D6-3726C5CACEDD}.Debug|Any CPU.Build.0 = Debug|Any CPU
		{3BBDE014-8AE2-488A-97D6-3726C5CACEDD}.Release|Any CPU.ActiveCfg = Release|Any CPU
		{3BBDE014-8AE2-488A-97D6-3726C5CACEDD}.Release|Any CPU.Build.0 = Release|Any CPU
	EndGlobalSection
	GlobalSection(SolutionProperties) = preSolution
		HideSolutionNode = FALSE
	EndGlobalSection
	GlobalSection(NestedProjects) = preSolution
		{50BAB6F2-FBDA-4790-8C3F-4AB80BDFB04E} = {D874FDE2-59B2-46B8-BD57-3944E4AF3410}
		{4111EF25-B68A-41AF-994F-88AC84F185F2} = {6E1263C9-A25E-4486-BB86-B8E29BC4835D}
		{8828755B-2BF5-4428-A1E7-CCD412F8969A} = {337DA0CB-2E8B-4E18-ABBD-70F5741773E6}
		{FE4FE4E5-B22E-40F5-A254-F2E918F462B4} = {337DA0CB-2E8B-4E18-ABBD-70F5741773E6}
		{13CF8AA9-2E63-4D40-93A2-F8E9F7F025DD} = {337DA0CB-2E8B-4E18-ABBD-70F5741773E6}
		{FA4F249D-3233-4CB6-8ECD-CB07DA46032E} = {337DA0CB-2E8B-4E18-ABBD-70F5741773E6}
		{CC089C6C-0FCE-41C6-85B8-7CCA9A248F35} = {A6444C14-379A-434D-BDA1-0CE9BF05F376}
		{3BBDE014-8AE2-488A-97D6-3726C5CACEDD} = {A6444C14-379A-434D-BDA1-0CE9BF05F376}
	EndGlobalSection
	GlobalSection(ExtensibilityGlobals) = postSolution
		SolutionGuid = {033177EA-7256-4FD1-ADC8-437AFCC1382F}
	EndGlobalSection
EndGlobal
